
Microsoft Visual Studio Solution File, Format Version 12.00
# Visual Studio 15
VisualStudioVersion = 15.0.27130.2024
MinimumVisualStudioVersion = 10.0.40219.1
Project("{FAE04EC0-301F-11D3-BF4B-00C04F79EFBC}") = "ExpenseTracking", "ExpenseTracking\ExpenseTracking.csproj", "{5A5BF536-9A22-4066-945C-FD04038FCD4C}"
EndProject
Project("{FAE04EC0-301F-11D3-BF4B-00C04F79EFBC}") = "Repository", "Repository\Repository.csproj", "{514E5F6C-CF95-43E2-B37C-ADB560814BE3}"
EndProject
Project("{FAE04EC0-301F-11D3-BF4B-00C04F79EFBC}") = "Utilities", "Utilities\Utilities.csproj", "{F31E1F5F-0092-4097-8A90-5DFB9EABC04C}"
EndProject
Global
	GlobalSection(SolutionConfigurationPlatforms) = preSolution
		Debug|Any CPU = Debug|Any CPU
		Release|Any CPU = Release|Any CPU
	EndGlobalSection
	GlobalSection(ProjectConfigurationPlatforms) = postSolution
		{5A5BF536-9A22-4066-945C-FD04038FCD4C}.Debug|Any CPU.ActiveCfg = Debug|Any CPU
		{5A5BF536-9A22-4066-945C-FD04038FCD4C}.Debug|Any CPU.Build.0 = Debug|Any CPU
		{5A5BF536-9A22-4066-945C-FD04038FCD4C}.Release|Any CPU.ActiveCfg = Release|Any CPU
		{5A5BF536-9A22-4066-945C-FD04038FCD4C}.Release|Any CPU.Build.0 = Release|Any CPU
		{514E5F6C-CF95-43E2-B37C-ADB560814BE3}.Debug|Any CPU.ActiveCfg = Debug|Any CPU
		{514E5F6C-CF95-43E2-B37C-ADB560814BE3}.Debug|Any CPU.Build.0 = Debug|Any CPU
		{514E5F6C-CF95-43E2-B37C-ADB560814BE3}.Release|Any CPU.ActiveCfg = Release|Any CPU
		{514E5F6C-CF95-43E2-B37C-ADB560814BE3}.Release|Any CPU.Build.0 = Release|Any CPU
		{F31E1F5F-0092-4097-8A90-5DFB9EABC04C}.Debug|Any CPU.ActiveCfg = Debug|Any CPU
		{F31E1F5F-0092-4097-8A90-5DFB9EABC04C}.Debug|Any CPU.Build.0 = Debug|Any CPU
		{F31E1F5F-0092-4097-8A90-5DFB9EABC04C}.Release|Any CPU.ActiveCfg = Release|Any CPU
		{F31E1F5F-0092-4097-8A90-5DFB9EABC04C}.Release|Any CPU.Build.0 = Release|Any CPU
	EndGlobalSection
	GlobalSection(SolutionProperties) = preSolution
		HideSolutionNode = FALSE
	EndGlobalSection
	GlobalSection(ExtensibilityGlobals) = postSolution
		SolutionGuid = {C7C40DC5-4ECD-4DD7-B288-922DD3CDBB05}
	EndGlobalSection
EndGlobal
